
Microsoft Visual Studio Solution File, Format Version 12.00
# Visual Studio 15
VisualStudioVersion = 15.0.26730.10
MinimumVisualStudioVersion = 10.0.40219.1
Project("{FAE04EC0-301F-11D3-BF4B-00C04F79EFBC}") = "Fiver.CSharp.AutoMapper", "Fiver.CSharp.AutoMapper\Fiver.CSharp.AutoMapper.csproj", "{C25B5F48-53D6-4447-9F06-C3A37628B500}"
EndProject
Global
	GlobalSection(SolutionConfigurationPlatforms) = preSolution
		Debug|Any CPU = Debug|Any CPU
		Release|Any CPU = Release|Any CPU
	EndGlobalSection
	GlobalSection(ProjectConfigurationPlatforms) = postSolution
		{C25B5F48-53D6-4447-9F06-C3A37628B500}.Debug|Any CPU.ActiveCfg = Debug|Any CPU
		{C25B5F48-53D6-4447-9F06-C3A37628B500}.Debug|Any CPU.Build.0 = Debug|Any CPU
		{C25B5F48-53D6-4447-9F06-C3A37628B500}.Release|Any CPU.ActiveCfg = Release|Any CPU
		{C25B5F48-53D6-4447-9F06-C3A37628B500}.Release|Any CPU.Build.0 = Release|Any CPU
	EndGlobalSection
	GlobalSection(SolutionProperties) = preSolution
		HideSolutionNode = FALSE
	EndGlobalSection
	GlobalSection(ExtensibilityGlobals) = postSolution
		SolutionGuid = {2BC3E679-8537-48F2-AF3B-B2DC6A7E6680}
	EndGlobalSection
EndGlobal
